// !$*UTF8*$!
{
	archiveVersion = 1;
	classes = {
	};
	objectVersion = 46;
	objects = {

/* Begin PBXBuildFile section */
		2721DDB0EF6DDDDDEED8C761 /* Pods_DSManageTests.framework in Frameworks */ = {isa = PBXBuildFile; fileRef = 6A99CA748558E54A93C062EB /* Pods_DSManageTests.framework */; };
		87AA9F30DF17E556DF830673 /* Pods_DSManageUITests.framework in Frameworks */ = {isa = PBXBuildFile; fileRef = 94B9EC35466ACA7D95C2989F /* Pods_DSManageUITests.framework */; };
		AF2FADF51E8DEE7F00893782 /* ShoppingCart.storyboard in Resources */ = {isa = PBXBuildFile; fileRef = AF2FADF01E8DEE7F00893782 /* ShoppingCart.storyboard */; };
		AF2FADF61E8DEE7F00893782 /* ShoppingCartProductTableViewCell.swift in Sources */ = {isa = PBXBuildFile; fileRef = AF2FADF11E8DEE7F00893782 /* ShoppingCartProductTableViewCell.swift */; };
		AF2FADF71E8DEE7F00893782 /* ShoppingCartService.swift in Sources */ = {isa = PBXBuildFile; fileRef = AF2FADF21E8DEE7F00893782 /* ShoppingCartService.swift */; };
		AF2FADF81E8DEE7F00893782 /* ShoppingCartViewController.swift in Sources */ = {isa = PBXBuildFile; fileRef = AF2FADF31E8DEE7F00893782 /* ShoppingCartViewController.swift */; };
		AF2FADF91E8DEE7F00893782 /* ShoppingCartViewModel.swift in Sources */ = {isa = PBXBuildFile; fileRef = AF2FADF41E8DEE7F00893782 /* ShoppingCartViewModel.swift */; };
		AF2FAE021E8DEE9000893782 /* Product.storyboard in Resources */ = {isa = PBXBuildFile; fileRef = AF2FADFA1E8DEE9000893782 /* Product.storyboard */; };
		AF2FAE031E8DEE9000893782 /* ProductCollectionViewCell.swift in Sources */ = {isa = PBXBuildFile; fileRef = AF2FADFB1E8DEE9000893782 /* ProductCollectionViewCell.swift */; };
		AF2FAE041E8DEE9000893782 /* ProductCollectionViewController.swift in Sources */ = {isa = PBXBuildFile; fileRef = AF2FADFC1E8DEE9000893782 /* ProductCollectionViewController.swift */; };
		AF2FAE051E8DEE9000893782 /* ProductDetailViewController.swift in Sources */ = {isa = PBXBuildFile; fileRef = AF2FADFD1E8DEE9000893782 /* ProductDetailViewController.swift */; };
		AF2FAE061E8DEE9000893782 /* ProductModel.swift in Sources */ = {isa = PBXBuildFile; fileRef = AF2FADFE1E8DEE9000893782 /* ProductModel.swift */; };
		AF2FAE071E8DEE9000893782 /* ProductsCollectionViewModel.swift in Sources */ = {isa = PBXBuildFile; fileRef = AF2FADFF1E8DEE9000893782 /* ProductsCollectionViewModel.swift */; };
		AF2FAE081E8DEE9000893782 /* ProductService.swift in Sources */ = {isa = PBXBuildFile; fileRef = AF2FAE001E8DEE9000893782 /* ProductService.swift */; };
		AF2FAE091E8DEE9100893782 /* ProductViewModel.swift in Sources */ = {isa = PBXBuildFile; fileRef = AF2FAE011E8DEE9000893782 /* ProductViewModel.swift */; };
		AF2FAE121E8DEE9F00893782 /* Client.storyboard in Resources */ = {isa = PBXBuildFile; fileRef = AF2FAE0A1E8DEE9F00893782 /* Client.storyboard */; };
		AF2FAE131E8DEE9F00893782 /* Client+CoreDataClass.swift in Sources */ = {isa = PBXBuildFile; fileRef = AF2FAE0B1E8DEE9F00893782 /* Client+CoreDataClass.swift */; };
		AF2FAE141E8DEE9F00893782 /* Client+CoreDataProperties.swift in Sources */ = {isa = PBXBuildFile; fileRef = AF2FAE0C1E8DEE9F00893782 /* Client+CoreDataProperties.swift */; };
		AF2FAE151E8DEE9F00893782 /* ClientDetailViewController.swift in Sources */ = {isa = PBXBuildFile; fileRef = AF2FAE0D1E8DEE9F00893782 /* ClientDetailViewController.swift */; };
		AF2FAE161E8DEE9F00893782 /* ClientModel.swift in Sources */ = {isa = PBXBuildFile; fileRef = AF2FAE0E1E8DEE9F00893782 /* ClientModel.swift */; };
		AF2FAE171E8DEE9F00893782 /* ClientsTableViewController.swift in Sources */ = {isa = PBXBuildFile; fileRef = AF2FAE0F1E8DEE9F00893782 /* ClientsTableViewController.swift */; };
		AF2FAE181E8DEE9F00893782 /* ClientTableViewCell.swift in Sources */ = {isa = PBXBuildFile; fileRef = AF2FAE101E8DEE9F00893782 /* ClientTableViewCell.swift */; };
		AF2FAE191E8DEE9F00893782 /* ClientViewModel.swift in Sources */ = {isa = PBXBuildFile; fileRef = AF2FAE111E8DEE9F00893782 /* ClientViewModel.swift */; };
		AF2FAE211E8DEEED00893782 /* ProductSaleTableViewCell.xib in Resources */ = {isa = PBXBuildFile; fileRef = AF2FAE1B1E8DEEED00893782 /* ProductSaleTableViewCell.xib */; };
		AF2FAE221E8DEEED00893782 /* Sale.storyboard in Resources */ = {isa = PBXBuildFile; fileRef = AF2FAE1C1E8DEEED00893782 /* Sale.storyboard */; };
		AF2FAE231E8DEEED00893782 /* SaleDetailViewController.swift in Sources */ = {isa = PBXBuildFile; fileRef = AF2FAE1D1E8DEEED00893782 /* SaleDetailViewController.swift */; };
		AF2FAE241E8DEEED00893782 /* SalesTableViewController.swift in Sources */ = {isa = PBXBuildFile; fileRef = AF2FAE1E1E8DEEED00893782 /* SalesTableViewController.swift */; };
		AF2FAE251E8DEEED00893782 /* SaleTableViewCell.swift in Sources */ = {isa = PBXBuildFile; fileRef = AF2FAE1F1E8DEEED00893782 /* SaleTableViewCell.swift */; };
		AF2FAE261E8DEEED00893782 /* ShoppingCartTableViewCell.swift in Sources */ = {isa = PBXBuildFile; fileRef = AF2FAE201E8DEEED00893782 /* ShoppingCartTableViewCell.swift */; };
		AF2FAE2A1E8DEF0000893782 /* Report.storyboard in Resources */ = {isa = PBXBuildFile; fileRef = AF2FAE281E8DEF0000893782 /* Report.storyboard */; };
		AF2FAE2B1E8DEF0000893782 /* ReportsViewController.swift in Sources */ = {isa = PBXBuildFile; fileRef = AF2FAE291E8DEF0000893782 /* ReportsViewController.swift */; };
		AF2FAE2F1E8DEF0F00893782 /* Rep.swift in Sources */ = {isa = PBXBuildFile; fileRef = AF2FAE2D1E8DEF0F00893782 /* Rep.swift */; };
		AF2FAE331E8DEF3200893782 /* LoginViewController.swift in Sources */ = {isa = PBXBuildFile; fileRef = AF2FAE311E8DEF3200893782 /* LoginViewController.swift */; };
		AF2FAE341E8DEF3200893782 /* LoginViewModel.swift in Sources */ = {isa = PBXBuildFile; fileRef = AF2FAE321E8DEF3200893782 /* LoginViewModel.swift */; };
		AF2FAE3A1E8DF57B00893782 /* ForgotPasswordViewController.swift in Sources */ = {isa = PBXBuildFile; fileRef = AF2FAE381E8DF57B00893782 /* ForgotPasswordViewController.swift */; };
		AF2FAE3B1E8DF57B00893782 /* ForgotPasswordViewModel.swift in Sources */ = {isa = PBXBuildFile; fileRef = AF2FAE391E8DF57B00893782 /* ForgotPasswordViewModel.swift */; };
		AF6EF7311E2F0CE900A92A31 /* ProductCollectionViewController+DelegateFlowLayout.swift in Sources */ = {isa = PBXBuildFile; fileRef = AF6EF7301E2F0CE900A92A31 /* ProductCollectionViewController+DelegateFlowLayout.swift */; };
		AF76CE5B1E331A0200177F9B /* ProductViewModelTests.swift in Sources */ = {isa = PBXBuildFile; fileRef = AF76CE5A1E331A0200177F9B /* ProductViewModelTests.swift */; };
		AFA35B311E180F9A00931A83 /* AppDelegate.swift in Sources */ = {isa = PBXBuildFile; fileRef = AFA35B301E180F9A00931A83 /* AppDelegate.swift */; };
		AFA35B361E180F9A00931A83 /* Main.storyboard in Resources */ = {isa = PBXBuildFile; fileRef = AFA35B341E180F9A00931A83 /* Main.storyboard */; };
		AFA35B381E180F9A00931A83 /* Assets.xcassets in Resources */ = {isa = PBXBuildFile; fileRef = AFA35B371E180F9A00931A83 /* Assets.xcassets */; };
		AFA35B3B1E180F9A00931A83 /* LaunchScreen.storyboard in Resources */ = {isa = PBXBuildFile; fileRef = AFA35B391E180F9A00931A83 /* LaunchScreen.storyboard */; };
		AFA35B511E180F9B00931A83 /* DSManageUITests.swift in Sources */ = {isa = PBXBuildFile; fileRef = AFA35B501E180F9B00931A83 /* DSManageUITests.swift */; };
		AFAC64FA1E23148F00E57C6D /* TextFieldValidator.swift in Sources */ = {isa = PBXBuildFile; fileRef = AFAC64F91E23148F00E57C6D /* TextFieldValidator.swift */; };
		AFAC64FE1E23149C00E57C6D /* UIScrollView+KeyboardNotification.swift in Sources */ = {isa = PBXBuildFile; fileRef = AFAC64FB1E23149C00E57C6D /* UIScrollView+KeyboardNotification.swift */; };
		AFAC64FF1E23149C00E57C6D /* UITextField+Accessory.swift in Sources */ = {isa = PBXBuildFile; fileRef = AFAC64FC1E23149C00E57C6D /* UITextField+Accessory.swift */; };
		AFAC65001E23149C00E57C6D /* UIViewControllerExtensions.swift in Sources */ = {isa = PBXBuildFile; fileRef = AFAC64FD1E23149C00E57C6D /* UIViewControllerExtensions.swift */; };
		AFAC65161E23271200E57C6D /* TextFieldValidatorTests.swift in Sources */ = {isa = PBXBuildFile; fileRef = AFAC65151E23271200E57C6D /* TextFieldValidatorTests.swift */; };
		AFAD26BC1E5BC8A6001C19E9 /* CoreDataStack.swift in Sources */ = {isa = PBXBuildFile; fileRef = AFAD26B71E5BC8A6001C19E9 /* CoreDataStack.swift */; };
		AFAD26BD1E5BC8A6001C19E9 /* DSManage.xcdatamodeld in Sources */ = {isa = PBXBuildFile; fileRef = AFAD26B81E5BC8A6001C19E9 /* DSManage.xcdatamodeld */; };
		AFAD26C51E5BC8CD001C19E9 /* UIView+Shadow.swift in Sources */ = {isa = PBXBuildFile; fileRef = AFAD26C41E5BC8CD001C19E9 /* UIView+Shadow.swift */; };
		AFBC83261E51550E0094C075 /* Calculations.swift in Sources */ = {isa = PBXBuildFile; fileRef = AFBC83251E51550E0094C075 /* Calculations.swift */; };
		F0A16747EE2B8986723E96FD /* Pods_DSManage.framework in Frameworks */ = {isa = PBXBuildFile; fileRef = D5A68B7F2D6F4BB8386E9A63 /* Pods_DSManage.framework */; };
/* End PBXBuildFile section */

/* Begin PBXContainerItemProxy section */
		AFA35B421E180F9B00931A83 /* PBXContainerItemProxy */ = {
			isa = PBXContainerItemProxy;
			containerPortal = AFA35B251E180F9A00931A83 /* Project object */;
			proxyType = 1;
			remoteGlobalIDString = AFA35B2C1E180F9A00931A83;
			remoteInfo = DSManage;
		};
		AFA35B4D1E180F9B00931A83 /* PBXContainerItemProxy */ = {
			isa = PBXContainerItemProxy;
			containerPortal = AFA35B251E180F9A00931A83 /* Project object */;
			proxyType = 1;
			remoteGlobalIDString = AFA35B2C1E180F9A00931A83;
			remoteInfo = DSManage;
		};
/* End PBXContainerItemProxy section */

/* Begin PBXFileReference section */
		11CF5275E565CFF790C3A0EA /* Pods-DSManageTests.debug.xcconfig */ = {isa = PBXFileReference; includeInIndex = 1; lastKnownFileType = text.xcconfig; name = "Pods-DSManageTests.debug.xcconfig"; path = "Pods/Target Support Files/Pods-DSManageTests/Pods-DSManageTests.debug.xcconfig"; sourceTree = "<group>"; };
		35E3C7BE4AB33C814EBFF489 /* Pods-DSManage.release.xcconfig */ = {isa = PBXFileReference; includeInIndex = 1; lastKnownFileType = text.xcconfig; name = "Pods-DSManage.release.xcconfig"; path = "Pods/Target Support Files/Pods-DSManage/Pods-DSManage.release.xcconfig"; sourceTree = "<group>"; };
		529987A62F7C5E2E9C72FAC9 /* Pods-DSManage.debug.xcconfig */ = {isa = PBXFileReference; includeInIndex = 1; lastKnownFileType = text.xcconfig; name = "Pods-DSManage.debug.xcconfig"; path = "Pods/Target Support Files/Pods-DSManage/Pods-DSManage.debug.xcconfig"; sourceTree = "<group>"; };
		6A92B459F6ECC0A6AFE7E250 /* Pods-DSManageUITests.release.xcconfig */ = {isa = PBXFileReference; includeInIndex = 1; lastKnownFileType = text.xcconfig; name = "Pods-DSManageUITests.release.xcconfig"; path = "Pods/Target Support Files/Pods-DSManageUITests/Pods-DSManageUITests.release.xcconfig"; sourceTree = "<group>"; };
		6A99CA748558E54A93C062EB /* Pods_DSManageTests.framework */ = {isa = PBXFileReference; explicitFileType = wrapper.framework; includeInIndex = 0; path = Pods_DSManageTests.framework; sourceTree = BUILT_PRODUCTS_DIR; };
		6C80719B27CE0CE9D52439CD /* Pods-DSManageTests.release.xcconfig */ = {isa = PBXFileReference; includeInIndex = 1; lastKnownFileType = text.xcconfig; name = "Pods-DSManageTests.release.xcconfig"; path = "Pods/Target Support Files/Pods-DSManageTests/Pods-DSManageTests.release.xcconfig"; sourceTree = "<group>"; };
		94B9EC35466ACA7D95C2989F /* Pods_DSManageUITests.framework */ = {isa = PBXFileReference; explicitFileType = wrapper.framework; includeInIndex = 0; path = Pods_DSManageUITests.framework; sourceTree = BUILT_PRODUCTS_DIR; };
		AF2FADF01E8DEE7F00893782 /* ShoppingCart.storyboard */ = {isa = PBXFileReference; fileEncoding = 4; lastKnownFileType = file.storyboard; name = ShoppingCart.storyboard; path = "Shopping Cart/ShoppingCart.storyboard"; sourceTree = "<group>"; };
		AF2FADF11E8DEE7F00893782 /* ShoppingCartProductTableViewCell.swift */ = {isa = PBXFileReference; fileEncoding = 4; lastKnownFileType = sourcecode.swift; name = ShoppingCartProductTableViewCell.swift; path = "Shopping Cart/ShoppingCartProductTableViewCell.swift"; sourceTree = "<group>"; };
		AF2FADF21E8DEE7F00893782 /* ShoppingCartService.swift */ = {isa = PBXFileReference; fileEncoding = 4; lastKnownFileType = sourcecode.swift; name = ShoppingCartService.swift; path = "Shopping Cart/ShoppingCartService.swift"; sourceTree = "<group>"; };
		AF2FADF31E8DEE7F00893782 /* ShoppingCartViewController.swift */ = {isa = PBXFileReference; fileEncoding = 4; lastKnownFileType = sourcecode.swift; name = ShoppingCartViewController.swift; path = "Shopping Cart/ShoppingCartViewController.swift"; sourceTree = "<group>"; };
		AF2FADF41E8DEE7F00893782 /* ShoppingCartViewModel.swift */ = {isa = PBXFileReference; fileEncoding = 4; lastKnownFileType = sourcecode.swift; name = ShoppingCartViewModel.swift; path = "Shopping Cart/ShoppingCartViewModel.swift"; sourceTree = "<group>"; };
		AF2FADFA1E8DEE9000893782 /* Product.storyboard */ = {isa = PBXFileReference; fileEncoding = 4; lastKnownFileType = file.storyboard; name = Product.storyboard; path = Product/Product.storyboard; sourceTree = "<group>"; };
		AF2FADFB1E8DEE9000893782 /* ProductCollectionViewCell.swift */ = {isa = PBXFileReference; fileEncoding = 4; lastKnownFileType = sourcecode.swift; name = ProductCollectionViewCell.swift; path = Product/ProductCollectionViewCell.swift; sourceTree = "<group>"; };
		AF2FADFC1E8DEE9000893782 /* ProductCollectionViewController.swift */ = {isa = PBXFileReference; fileEncoding = 4; lastKnownFileType = sourcecode.swift; name = ProductCollectionViewController.swift; path = Product/ProductCollectionViewController.swift; sourceTree = "<group>"; };
		AF2FADFD1E8DEE9000893782 /* ProductDetailViewController.swift */ = {isa = PBXFileReference; fileEncoding = 4; lastKnownFileType = sourcecode.swift; name = ProductDetailViewController.swift; path = Product/ProductDetailViewController.swift; sourceTree = "<group>"; };
		AF2FADFE1E8DEE9000893782 /* ProductModel.swift */ = {isa = PBXFileReference; fileEncoding = 4; lastKnownFileType = sourcecode.swift; name = ProductModel.swift; path = Product/ProductModel.swift; sourceTree = "<group>"; };
		AF2FADFF1E8DEE9000893782 /* ProductsCollectionViewModel.swift */ = {isa = PBXFileReference; fileEncoding = 4; lastKnownFileType = sourcecode.swift; name = ProductsCollectionViewModel.swift; path = Product/ProductsCollectionViewModel.swift; sourceTree = "<group>"; };
		AF2FAE001E8DEE9000893782 /* ProductService.swift */ = {isa = PBXFileReference; fileEncoding = 4; lastKnownFileType = sourcecode.swift; name = ProductService.swift; path = Product/ProductService.swift; sourceTree = "<group>"; };
		AF2FAE011E8DEE9000893782 /* ProductViewModel.swift */ = {isa = PBXFileReference; fileEncoding = 4; lastKnownFileType = sourcecode.swift; name = ProductViewModel.swift; path = Product/ProductViewModel.swift; sourceTree = "<group>"; };
		AF2FAE0A1E8DEE9F00893782 /* Client.storyboard */ = {isa = PBXFileReference; fileEncoding = 4; lastKnownFileType = file.storyboard; name = Client.storyboard; path = Client/Client.storyboard; sourceTree = "<group>"; };
		AF2FAE0B1E8DEE9F00893782 /* Client+CoreDataClass.swift */ = {isa = PBXFileReference; fileEncoding = 4; lastKnownFileType = sourcecode.swift; name = "Client+CoreDataClass.swift"; path = "Client/Client+CoreDataClass.swift"; sourceTree = "<group>"; };
		AF2FAE0C1E8DEE9F00893782 /* Client+CoreDataProperties.swift */ = {isa = PBXFileReference; fileEncoding = 4; lastKnownFileType = sourcecode.swift; name = "Client+CoreDataProperties.swift"; path = "Client/Client+CoreDataProperties.swift"; sourceTree = "<group>"; };
		AF2FAE0D1E8DEE9F00893782 /* ClientDetailViewController.swift */ = {isa = PBXFileReference; fileEncoding = 4; lastKnownFileType = sourcecode.swift; name = ClientDetailViewController.swift; path = Client/ClientDetailViewController.swift; sourceTree = "<group>"; };
		AF2FAE0E1E8DEE9F00893782 /* ClientModel.swift */ = {isa = PBXFileReference; fileEncoding = 4; lastKnownFileType = sourcecode.swift; name = ClientModel.swift; path = Client/ClientModel.swift; sourceTree = "<group>"; };
		AF2FAE0F1E8DEE9F00893782 /* ClientsTableViewController.swift */ = {isa = PBXFileReference; fileEncoding = 4; lastKnownFileType = sourcecode.swift; name = ClientsTableViewController.swift; path = Client/ClientsTableViewController.swift; sourceTree = "<group>"; };
		AF2FAE101E8DEE9F00893782 /* ClientTableViewCell.swift */ = {isa = PBXFileReference; fileEncoding = 4; lastKnownFileType = sourcecode.swift; name = ClientTableViewCell.swift; path = Client/ClientTableViewCell.swift; sourceTree = "<group>"; };
		AF2FAE111E8DEE9F00893782 /* ClientViewModel.swift */ = {isa = PBXFileReference; fileEncoding = 4; lastKnownFileType = sourcecode.swift; name = ClientViewModel.swift; path = Client/ClientViewModel.swift; sourceTree = "<group>"; };
		AF2FAE1B1E8DEEED00893782 /* ProductSaleTableViewCell.xib */ = {isa = PBXFileReference; fileEncoding = 4; lastKnownFileType = file.xib; name = ProductSaleTableViewCell.xib; path = Sale/ProductSaleTableViewCell.xib; sourceTree = "<group>"; };
		AF2FAE1C1E8DEEED00893782 /* Sale.storyboard */ = {isa = PBXFileReference; fileEncoding = 4; lastKnownFileType = file.storyboard; name = Sale.storyboard; path = Sale/Sale.storyboard; sourceTree = "<group>"; };
		AF2FAE1D1E8DEEED00893782 /* SaleDetailViewController.swift */ = {isa = PBXFileReference; fileEncoding = 4; lastKnownFileType = sourcecode.swift; name = SaleDetailViewController.swift; path = Sale/SaleDetailViewController.swift; sourceTree = "<group>"; };
		AF2FAE1E1E8DEEED00893782 /* SalesTableViewController.swift */ = {isa = PBXFileReference; fileEncoding = 4; lastKnownFileType = sourcecode.swift; name = SalesTableViewController.swift; path = Sale/SalesTableViewController.swift; sourceTree = "<group>"; };
		AF2FAE1F1E8DEEED00893782 /* SaleTableViewCell.swift */ = {isa = PBXFileReference; fileEncoding = 4; lastKnownFileType = sourcecode.swift; name = SaleTableViewCell.swift; path = Sale/SaleTableViewCell.swift; sourceTree = "<group>"; };
		AF2FAE201E8DEEED00893782 /* ShoppingCartTableViewCell.swift */ = {isa = PBXFileReference; fileEncoding = 4; lastKnownFileType = sourcecode.swift; name = ShoppingCartTableViewCell.swift; path = Sale/ShoppingCartTableViewCell.swift; sourceTree = "<group>"; };
		AF2FAE281E8DEF0000893782 /* Report.storyboard */ = {isa = PBXFileReference; fileEncoding = 4; lastKnownFileType = file.storyboard; name = Report.storyboard; path = Report/Report.storyboard; sourceTree = "<group>"; };
		AF2FAE291E8DEF0000893782 /* ReportsViewController.swift */ = {isa = PBXFileReference; fileEncoding = 4; lastKnownFileType = sourcecode.swift; name = ReportsViewController.swift; path = Report/ReportsViewController.swift; sourceTree = "<group>"; };
		AF2FAE2D1E8DEF0F00893782 /* Rep.swift */ = {isa = PBXFileReference; fileEncoding = 4; lastKnownFileType = sourcecode.swift; path = Rep.swift; sourceTree = "<group>"; };
		AF2FAE311E8DEF3200893782 /* LoginViewController.swift */ = {isa = PBXFileReference; fileEncoding = 4; lastKnownFileType = sourcecode.swift; name = LoginViewController.swift; path = Login/LoginViewController.swift; sourceTree = "<group>"; };
		AF2FAE321E8DEF3200893782 /* LoginViewModel.swift */ = {isa = PBXFileReference; fileEncoding = 4; lastKnownFileType = sourcecode.swift; name = LoginViewModel.swift; path = Login/LoginViewModel.swift; sourceTree = "<group>"; };
		AF2FAE381E8DF57B00893782 /* ForgotPasswordViewController.swift */ = {isa = PBXFileReference; fileEncoding = 4; lastKnownFileType = sourcecode.swift; name = ForgotPasswordViewController.swift; path = "Forgot Password/ForgotPasswordViewController.swift"; sourceTree = "<group>"; };
		AF2FAE391E8DF57B00893782 /* ForgotPasswordViewModel.swift */ = {isa = PBXFileReference; fileEncoding = 4; lastKnownFileType = sourcecode.swift; name = ForgotPasswordViewModel.swift; path = "Forgot Password/ForgotPasswordViewModel.swift"; sourceTree = "<group>"; };
		AF6EF7301E2F0CE900A92A31 /* ProductCollectionViewController+DelegateFlowLayout.swift */ = {isa = PBXFileReference; fileEncoding = 4; lastKnownFileType = sourcecode.swift; name = "ProductCollectionViewController+DelegateFlowLayout.swift"; path = "extensions/ProductCollectionViewController+DelegateFlowLayout.swift"; sourceTree = "<group>"; };
		AF76CE5A1E331A0200177F9B /* ProductViewModelTests.swift */ = {isa = PBXFileReference; fileEncoding = 4; lastKnownFileType = sourcecode.swift; path = ProductViewModelTests.swift; sourceTree = "<group>"; };
		AFA35B2D1E180F9A00931A83 /* DSManage.app */ = {isa = PBXFileReference; explicitFileType = wrapper.application; includeInIndex = 0; path = DSManage.app; sourceTree = BUILT_PRODUCTS_DIR; };
		AFA35B301E180F9A00931A83 /* AppDelegate.swift */ = {isa = PBXFileReference; lastKnownFileType = sourcecode.swift; path = AppDelegate.swift; sourceTree = "<group>"; };
		AFA35B351E180F9A00931A83 /* Base */ = {isa = PBXFileReference; lastKnownFileType = file.storyboard; name = Base; path = Base.lproj/Main.storyboard; sourceTree = "<group>"; };
		AFA35B371E180F9A00931A83 /* Assets.xcassets */ = {isa = PBXFileReference; lastKnownFileType = folder.assetcatalog; path = Assets.xcassets; sourceTree = "<group>"; };
		AFA35B3A1E180F9A00931A83 /* Base */ = {isa = PBXFileReference; lastKnownFileType = file.storyboard; name = Base; path = Base.lproj/LaunchScreen.storyboard; sourceTree = "<group>"; };
		AFA35B3C1E180F9A00931A83 /* Info.plist */ = {isa = PBXFileReference; lastKnownFileType = text.plist.xml; path = Info.plist; sourceTree = "<group>"; };
		AFA35B411E180F9B00931A83 /* DSManageTests.xctest */ = {isa = PBXFileReference; explicitFileType = wrapper.cfbundle; includeInIndex = 0; path = DSManageTests.xctest; sourceTree = BUILT_PRODUCTS_DIR; };
		AFA35B471E180F9B00931A83 /* Info.plist */ = {isa = PBXFileReference; lastKnownFileType = text.plist.xml; path = Info.plist; sourceTree = "<group>"; };
		AFA35B4C1E180F9B00931A83 /* DSManageUITests.xctest */ = {isa = PBXFileReference; explicitFileType = wrapper.cfbundle; includeInIndex = 0; path = DSManageUITests.xctest; sourceTree = BUILT_PRODUCTS_DIR; };
		AFA35B501E180F9B00931A83 /* DSManageUITests.swift */ = {isa = PBXFileReference; lastKnownFileType = sourcecode.swift; path = DSManageUITests.swift; sourceTree = "<group>"; };
		AFA35B521E180F9B00931A83 /* Info.plist */ = {isa = PBXFileReference; lastKnownFileType = text.plist.xml; path = Info.plist; sourceTree = "<group>"; };
		AFAC64F91E23148F00E57C6D /* TextFieldValidator.swift */ = {isa = PBXFileReference; fileEncoding = 4; lastKnownFileType = sourcecode.swift; name = TextFieldValidator.swift; path = helpers/TextFieldValidator.swift; sourceTree = "<group>"; };
		AFAC64FB1E23149C00E57C6D /* UIScrollView+KeyboardNotification.swift */ = {isa = PBXFileReference; fileEncoding = 4; lastKnownFileType = sourcecode.swift; name = "UIScrollView+KeyboardNotification.swift"; path = "extensions/UIScrollView+KeyboardNotification.swift"; sourceTree = "<group>"; };
		AFAC64FC1E23149C00E57C6D /* UITextField+Accessory.swift */ = {isa = PBXFileReference; fileEncoding = 4; lastKnownFileType = sourcecode.swift; name = "UITextField+Accessory.swift"; path = "extensions/UITextField+Accessory.swift"; sourceTree = "<group>"; };
		AFAC64FD1E23149C00E57C6D /* UIViewControllerExtensions.swift */ = {isa = PBXFileReference; fileEncoding = 4; lastKnownFileType = sourcecode.swift; name = UIViewControllerExtensions.swift; path = extensions/UIViewControllerExtensions.swift; sourceTree = "<group>"; };
		AFAC65151E23271200E57C6D /* TextFieldValidatorTests.swift */ = {isa = PBXFileReference; fileEncoding = 4; lastKnownFileType = sourcecode.swift; path = TextFieldValidatorTests.swift; sourceTree = "<group>"; };
		AFAD26B71E5BC8A6001C19E9 /* CoreDataStack.swift */ = {isa = PBXFileReference; fileEncoding = 4; lastKnownFileType = sourcecode.swift; name = CoreDataStack.swift; path = database/CoreDataStack.swift; sourceTree = "<group>"; };
		AFAD26B91E5BC8A6001C19E9 /* DSManage.xcdatamodel */ = {isa = PBXFileReference; lastKnownFileType = wrapper.xcdatamodel; path = DSManage.xcdatamodel; sourceTree = "<group>"; };
		AFAD26C41E5BC8CD001C19E9 /* UIView+Shadow.swift */ = {isa = PBXFileReference; fileEncoding = 4; lastKnownFileType = sourcecode.swift; name = "UIView+Shadow.swift"; path = "extensions/UIView+Shadow.swift"; sourceTree = "<group>"; };
		AFBC83251E51550E0094C075 /* Calculations.swift */ = {isa = PBXFileReference; fileEncoding = 4; lastKnownFileType = sourcecode.swift; path = Calculations.swift; sourceTree = "<group>"; };
		B607F4E84A2B4C07FDF2EE3F /* Pods-DSManageUITests.debug.xcconfig */ = {isa = PBXFileReference; includeInIndex = 1; lastKnownFileType = text.xcconfig; name = "Pods-DSManageUITests.debug.xcconfig"; path = "Pods/Target Support Files/Pods-DSManageUITests/Pods-DSManageUITests.debug.xcconfig"; sourceTree = "<group>"; };
		D5A68B7F2D6F4BB8386E9A63 /* Pods_DSManage.framework */ = {isa = PBXFileReference; explicitFileType = wrapper.framework; includeInIndex = 0; path = Pods_DSManage.framework; sourceTree = BUILT_PRODUCTS_DIR; };
/* End PBXFileReference section */

/* Begin PBXFrameworksBuildPhase section */
		AFA35B2A1E180F9A00931A83 /* Frameworks */ = {
			isa = PBXFrameworksBuildPhase;
			buildActionMask = 2147483647;
			files = (
				F0A16747EE2B8986723E96FD /* Pods_DSManage.framework in Frameworks */,
			);
			runOnlyForDeploymentPostprocessing = 0;
		};
		AFA35B3E1E180F9B00931A83 /* Frameworks */ = {
			isa = PBXFrameworksBuildPhase;
			buildActionMask = 2147483647;
			files = (
				2721DDB0EF6DDDDDEED8C761 /* Pods_DSManageTests.framework in Frameworks */,
			);
			runOnlyForDeploymentPostprocessing = 0;
		};
		AFA35B491E180F9B00931A83 /* Frameworks */ = {
			isa = PBXFrameworksBuildPhase;
			buildActionMask = 2147483647;
			files = (
				87AA9F30DF17E556DF830673 /* Pods_DSManageUITests.framework in Frameworks */,
			);
			runOnlyForDeploymentPostprocessing = 0;
		};
/* End PBXFrameworksBuildPhase section */

/* Begin PBXGroup section */
		0FCF5AED9AAA7460EA05A1FE /* Frameworks */ = {
			isa = PBXGroup;
			children = (
				D5A68B7F2D6F4BB8386E9A63 /* Pods_DSManage.framework */,
				6A99CA748558E54A93C062EB /* Pods_DSManageTests.framework */,
				94B9EC35466ACA7D95C2989F /* Pods_DSManageUITests.framework */,
			);
			name = Frameworks;
			sourceTree = "<group>";
		};
		4090035A83EDA7EB1756E3B6 /* Pods */ = {
			isa = PBXGroup;
			children = (
				529987A62F7C5E2E9C72FAC9 /* Pods-DSManage.debug.xcconfig */,
				35E3C7BE4AB33C814EBFF489 /* Pods-DSManage.release.xcconfig */,
				11CF5275E565CFF790C3A0EA /* Pods-DSManageTests.debug.xcconfig */,
				6C80719B27CE0CE9D52439CD /* Pods-DSManageTests.release.xcconfig */,
				B607F4E84A2B4C07FDF2EE3F /* Pods-DSManageUITests.debug.xcconfig */,
				6A92B459F6ECC0A6AFE7E250 /* Pods-DSManageUITests.release.xcconfig */,
			);
			name = Pods;
			sourceTree = "<group>";
		};
		AF2AD61E1E88610400D46D96 /* Shopping Cart */ = {
			isa = PBXGroup;
			children = (
				AF2FADF01E8DEE7F00893782 /* ShoppingCart.storyboard */,
				AF2FADF11E8DEE7F00893782 /* ShoppingCartProductTableViewCell.swift */,
				AF2FADF21E8DEE7F00893782 /* ShoppingCartService.swift */,
				AF2FADF31E8DEE7F00893782 /* ShoppingCartViewController.swift */,
				AF2FADF41E8DEE7F00893782 /* ShoppingCartViewModel.swift */,
			);
			name = "Shopping Cart";
			sourceTree = "<group>";
		};
		AF2FAE1A1E8DEEE000893782 /* Sale */ = {
			isa = PBXGroup;
			children = (
				AF2FAE1B1E8DEEED00893782 /* ProductSaleTableViewCell.xib */,
				AF2FAE1C1E8DEEED00893782 /* Sale.storyboard */,
				AF2FAE1D1E8DEEED00893782 /* SaleDetailViewController.swift */,
				AF2FAE1E1E8DEEED00893782 /* SalesTableViewController.swift */,
				AF2FAE1F1E8DEEED00893782 /* SaleTableViewCell.swift */,
				AF2FAE201E8DEEED00893782 /* ShoppingCartTableViewCell.swift */,
			);
			name = Sale;
			sourceTree = "<group>";
		};
		AF2FAE271E8DEEF400893782 /* Report */ = {
			isa = PBXGroup;
			children = (
				AF2FAE281E8DEF0000893782 /* Report.storyboard */,
				AF2FAE291E8DEF0000893782 /* ReportsViewController.swift */,
			);
			name = Report;
			sourceTree = "<group>";
		};
		AF2FAE301E8DEF2800893782 /* Login */ = {
			isa = PBXGroup;
			children = (
				AF2FAE311E8DEF3200893782 /* LoginViewController.swift */,
				AF2FAE321E8DEF3200893782 /* LoginViewModel.swift */,
			);
			name = Login;
			sourceTree = "<group>";
		};
		AF2FAE371E8DF56500893782 /* Forgot Password */ = {
			isa = PBXGroup;
			children = (
				AF2FAE381E8DF57B00893782 /* ForgotPasswordViewController.swift */,
				AF2FAE391E8DF57B00893782 /* ForgotPasswordViewModel.swift */,
			);
			name = "Forgot Password";
			sourceTree = "<group>";
		};
		AF7030001E415D06000D864E /* database */ = {
			isa = PBXGroup;
			children = (
				AFAD26B71E5BC8A6001C19E9 /* CoreDataStack.swift */,
				AFAD26B81E5BC8A6001C19E9 /* DSManage.xcdatamodeld */,
			);
			name = database;
			sourceTree = "<group>";
		};
		AFA35B241E180F9A00931A83 = {
			isa = PBXGroup;
			children = (
				AFA35B2F1E180F9A00931A83 /* DSManage */,
				AFA35B441E180F9B00931A83 /* DSManageTests */,
				AFA35B4F1E180F9B00931A83 /* DSManageUITests */,
				AFA35B2E1E180F9A00931A83 /* Products */,
				4090035A83EDA7EB1756E3B6 /* Pods */,
				0FCF5AED9AAA7460EA05A1FE /* Frameworks */,
			);
			sourceTree = "<group>";
		};
		AFA35B2E1E180F9A00931A83 /* Products */ = {
			isa = PBXGroup;
			children = (
				AFA35B2D1E180F9A00931A83 /* DSManage.app */,
				AFA35B411E180F9B00931A83 /* DSManageTests.xctest */,
				AFA35B4C1E180F9B00931A83 /* DSManageUITests.xctest */,
			);
			name = Products;
			sourceTree = "<group>";
		};
		AFA35B2F1E180F9A00931A83 /* DSManage */ = {
			isa = PBXGroup;
			children = (
				AF2FAE1A1E8DEEE000893782 /* Sale */,
				AF2AD61E1E88610400D46D96 /* Shopping Cart */,
				AFEB27351E6CA79C00356B79 /* Product */,
				AFEB27341E6CA6FF00356B79 /* Client */,
				AF2FAE271E8DEEF400893782 /* Report */,
				AF7030001E415D06000D864E /* database */,
				AFAC64EC1E22C3BF00E57C6D /* extensions */,
				AFAC64F21E230DF000E57C6D /* helpers */,
				AF2FAE301E8DEF2800893782 /* Login */,
				AF2FAE371E8DF56500893782 /* Forgot Password */,
				AFA35B341E180F9A00931A83 /* Main.storyboard */,
				AF2FAE2D1E8DEF0F00893782 /* Rep.swift */,
				AFA35B5E1E181C6C00931A83 /* supportingFiles */,
			);
			path = DSManage;
			sourceTree = "<group>";
		};
		AFA35B441E180F9B00931A83 /* DSManageTests */ = {
			isa = PBXGroup;
			children = (
				AFA35B471E180F9B00931A83 /* Info.plist */,
				AFAC65151E23271200E57C6D /* TextFieldValidatorTests.swift */,
				AF76CE5A1E331A0200177F9B /* ProductViewModelTests.swift */,
			);
			path = DSManageTests;
			sourceTree = "<group>";
		};
		AFA35B4F1E180F9B00931A83 /* DSManageUITests */ = {
			isa = PBXGroup;
			children = (
				AFA35B501E180F9B00931A83 /* DSManageUITests.swift */,
				AFA35B521E180F9B00931A83 /* Info.plist */,
			);
			path = DSManageUITests;
			sourceTree = "<group>";
		};
		AFA35B5E1E181C6C00931A83 /* supportingFiles */ = {
			isa = PBXGroup;
			children = (
				AFA35B3C1E180F9A00931A83 /* Info.plist */,
				AFA35B301E180F9A00931A83 /* AppDelegate.swift */,
				AFA35B371E180F9A00931A83 /* Assets.xcassets */,
				AFA35B391E180F9A00931A83 /* LaunchScreen.storyboard */,
			);
			name = supportingFiles;
			sourceTree = "<group>";
		};
		AFAC64EC1E22C3BF00E57C6D /* extensions */ = {
			isa = PBXGroup;
			children = (
				AFAD26C41E5BC8CD001C19E9 /* UIView+Shadow.swift */,
				AF6EF7301E2F0CE900A92A31 /* ProductCollectionViewController+DelegateFlowLayout.swift */,
				AFAC64FB1E23149C00E57C6D /* UIScrollView+KeyboardNotification.swift */,
				AFAC64FC1E23149C00E57C6D /* UITextField+Accessory.swift */,
				AFAC64FD1E23149C00E57C6D /* UIViewControllerExtensions.swift */,
				AFBC83251E51550E0094C075 /* Calculations.swift */,
			);
			name = extensions;
			sourceTree = "<group>";
		};
		AFAC64F21E230DF000E57C6D /* helpers */ = {
			isa = PBXGroup;
			children = (
				AFAC64F91E23148F00E57C6D /* TextFieldValidator.swift */,
			);
			name = helpers;
			sourceTree = "<group>";
		};
		AFEB27341E6CA6FF00356B79 /* Client */ = {
			isa = PBXGroup;
			children = (
				AF2FAE0A1E8DEE9F00893782 /* Client.storyboard */,
				AF2FAE0B1E8DEE9F00893782 /* Client+CoreDataClass.swift */,
				AF2FAE0C1E8DEE9F00893782 /* Client+CoreDataProperties.swift */,
				AF2FAE0D1E8DEE9F00893782 /* ClientDetailViewController.swift */,
				AF2FAE0E1E8DEE9F00893782 /* ClientModel.swift */,
				AF2FAE0F1E8DEE9F00893782 /* ClientsTableViewController.swift */,
				AF2FAE101E8DEE9F00893782 /* ClientTableViewCell.swift */,
				AF2FAE111E8DEE9F00893782 /* ClientViewModel.swift */,
			);
			name = Client;
			sourceTree = "<group>";
		};
		AFEB27351E6CA79C00356B79 /* Product */ = {
			isa = PBXGroup;
			children = (
				AF2FADFA1E8DEE9000893782 /* Product.storyboard */,
				AF2FADFB1E8DEE9000893782 /* ProductCollectionViewCell.swift */,
				AF2FADFC1E8DEE9000893782 /* ProductCollectionViewController.swift */,
				AF2FADFD1E8DEE9000893782 /* ProductDetailViewController.swift */,
				AF2FADFE1E8DEE9000893782 /* ProductModel.swift */,
				AF2FADFF1E8DEE9000893782 /* ProductsCollectionViewModel.swift */,
				AF2FAE001E8DEE9000893782 /* ProductService.swift */,
				AF2FAE011E8DEE9000893782 /* ProductViewModel.swift */,
			);
			name = Product;
			sourceTree = "<group>";
		};
/* End PBXGroup section */

/* Begin PBXNativeTarget section */
		AFA35B2C1E180F9A00931A83 /* DSManage */ = {
			isa = PBXNativeTarget;
			buildConfigurationList = AFA35B551E180F9B00931A83 /* Build configuration list for PBXNativeTarget "DSManage" */;
			buildPhases = (
				BD10EA73C27F8E2DECB1DFF0 /* [CP] Check Pods Manifest.lock */,
				AFA35B291E180F9A00931A83 /* Sources */,
				AFA35B2A1E180F9A00931A83 /* Frameworks */,
				AFA35B2B1E180F9A00931A83 /* Resources */,
				4CF90CE42F0E3F118D7AC456 /* [CP] Embed Pods Frameworks */,
				C4794B0EC018FCAA2C4C9A52 /* [CP] Copy Pods Resources */,
			);
			buildRules = (
			);
			dependencies = (
			);
			name = DSManage;
			productName = DSManage;
			productReference = AFA35B2D1E180F9A00931A83 /* DSManage.app */;
			productType = "com.apple.product-type.application";
		};
		AFA35B401E180F9B00931A83 /* DSManageTests */ = {
			isa = PBXNativeTarget;
			buildConfigurationList = AFA35B581E180F9B00931A83 /* Build configuration list for PBXNativeTarget "DSManageTests" */;
			buildPhases = (
				CD8B79247AB818529B5C7A4E /* [CP] Check Pods Manifest.lock */,
				AFA35B3D1E180F9B00931A83 /* Sources */,
				AFA35B3E1E180F9B00931A83 /* Frameworks */,
				AFA35B3F1E180F9B00931A83 /* Resources */,
				EE5A779B523659DBDFBC40A7 /* [CP] Embed Pods Frameworks */,
				10BB963387F81998B71C67D1 /* [CP] Copy Pods Resources */,
			);
			buildRules = (
			);
			dependencies = (
				AFA35B431E180F9B00931A83 /* PBXTargetDependency */,
			);
			name = DSManageTests;
			productName = DSManageTests;
			productReference = AFA35B411E180F9B00931A83 /* DSManageTests.xctest */;
			productType = "com.apple.product-type.bundle.unit-test";
		};
		AFA35B4B1E180F9B00931A83 /* DSManageUITests */ = {
			isa = PBXNativeTarget;
			buildConfigurationList = AFA35B5B1E180F9B00931A83 /* Build configuration list for PBXNativeTarget "DSManageUITests" */;
			buildPhases = (
				D6A3D58F2285F90E9BF7D306 /* [CP] Check Pods Manifest.lock */,
				AFA35B481E180F9B00931A83 /* Sources */,
				AFA35B491E180F9B00931A83 /* Frameworks */,
				AFA35B4A1E180F9B00931A83 /* Resources */,
				7B9553C5787985A5E337E6E7 /* [CP] Embed Pods Frameworks */,
				2442E8288CFB9E338F404FD7 /* [CP] Copy Pods Resources */,
			);
			buildRules = (
			);
			dependencies = (
				AFA35B4E1E180F9B00931A83 /* PBXTargetDependency */,
			);
			name = DSManageUITests;
			productName = DSManageUITests;
			productReference = AFA35B4C1E180F9B00931A83 /* DSManageUITests.xctest */;
			productType = "com.apple.product-type.bundle.ui-testing";
		};
/* End PBXNativeTarget section */

/* Begin PBXProject section */
		AFA35B251E180F9A00931A83 /* Project object */ = {
			isa = PBXProject;
			attributes = {
				LastSwiftUpdateCheck = 0820;
				LastUpgradeCheck = 0820;
				ORGANIZATIONNAME = "Thiago Orniz Martin";
				TargetAttributes = {
					AFA35B2C1E180F9A00931A83 = {
						CreatedOnToolsVersion = 8.2.1;
						DevelopmentTeam = MA49NRE9BA;
						ProvisioningStyle = Automatic;
					};
					AFA35B401E180F9B00931A83 = {
						CreatedOnToolsVersion = 8.2.1;
						LastSwiftMigration = 0820;
						ProvisioningStyle = Automatic;
						TestTargetID = AFA35B2C1E180F9A00931A83;
					};
					AFA35B4B1E180F9B00931A83 = {
						CreatedOnToolsVersion = 8.2.1;
						ProvisioningStyle = Automatic;
						TestTargetID = AFA35B2C1E180F9A00931A83;
					};
				};
			};
			buildConfigurationList = AFA35B281E180F9A00931A83 /* Build configuration list for PBXProject "DSManage" */;
			compatibilityVersion = "Xcode 3.2";
			developmentRegion = English;
			hasScannedForEncodings = 0;
			knownRegions = (
				en,
				Base,
			);
			mainGroup = AFA35B241E180F9A00931A83;
			productRefGroup = AFA35B2E1E180F9A00931A83 /* Products */;
			projectDirPath = "";
			projectRoot = "";
			targets = (
				AFA35B2C1E180F9A00931A83 /* DSManage */,
				AFA35B401E180F9B00931A83 /* DSManageTests */,
				AFA35B4B1E180F9B00931A83 /* DSManageUITests */,
			);
		};
/* End PBXProject section */

/* Begin PBXResourcesBuildPhase section */
		AFA35B2B1E180F9A00931A83 /* Resources */ = {
			isa = PBXResourcesBuildPhase;
			buildActionMask = 2147483647;
			files = (
				AFA35B3B1E180F9A00931A83 /* LaunchScreen.storyboard in Resources */,
				AF2FAE221E8DEEED00893782 /* Sale.storyboard in Resources */,
				AF2FAE021E8DEE9000893782 /* Product.storyboard in Resources */,
				AF2FADF51E8DEE7F00893782 /* ShoppingCart.storyboard in Resources */,
				AFA35B381E180F9A00931A83 /* Assets.xcassets in Resources */,
				AFA35B361E180F9A00931A83 /* Main.storyboard in Resources */,
				AF2FAE2A1E8DEF0000893782 /* Report.storyboard in Resources */,
				AF2FAE211E8DEEED00893782 /* ProductSaleTableViewCell.xib in Resources */,
				AF2FAE121E8DEE9F00893782 /* Client.storyboard in Resources */,
			);
			runOnlyForDeploymentPostprocessing = 0;
		};
		AFA35B3F1E180F9B00931A83 /* Resources */ = {
			isa = PBXResourcesBuildPhase;
			buildActionMask = 2147483647;
			files = (
			);
			runOnlyForDeploymentPostprocessing = 0;
		};
		AFA35B4A1E180F9B00931A83 /* Resources */ = {
			isa = PBXResourcesBuildPhase;
			buildActionMask = 2147483647;
			files = (
			);
			runOnlyForDeploymentPostprocessing = 0;
		};
/* End PBXResourcesBuildPhase section */

/* Begin PBXShellScriptBuildPhase section */
		10BB963387F81998B71C67D1 /* [CP] Copy Pods Resources */ = {
			isa = PBXShellScriptBuildPhase;
			buildActionMask = 2147483647;
			files = (
			);
			inputPaths = (
			);
			name = "[CP] Copy Pods Resources";
			outputPaths = (
			);
			runOnlyForDeploymentPostprocessing = 0;
			shellPath = /bin/sh;
			shellScript = "\"${SRCROOT}/Pods/Target Support Files/Pods-DSManageTests/Pods-DSManageTests-resources.sh\"\n";
			showEnvVarsInLog = 0;
		};
		2442E8288CFB9E338F404FD7 /* [CP] Copy Pods Resources */ = {
			isa = PBXShellScriptBuildPhase;
			buildActionMask = 2147483647;
			files = (
			);
			inputPaths = (
			);
			name = "[CP] Copy Pods Resources";
			outputPaths = (
			);
			runOnlyForDeploymentPostprocessing = 0;
			shellPath = /bin/sh;
			shellScript = "\"${SRCROOT}/Pods/Target Support Files/Pods-DSManageUITests/Pods-DSManageUITests-resources.sh\"\n";
			showEnvVarsInLog = 0;
		};
		4CF90CE42F0E3F118D7AC456 /* [CP] Embed Pods Frameworks */ = {
			isa = PBXShellScriptBuildPhase;
			buildActionMask = 2147483647;
			files = (
			);
			inputPaths = (
			);
			name = "[CP] Embed Pods Frameworks";
			outputPaths = (
			);
			runOnlyForDeploymentPostprocessing = 0;
			shellPath = /bin/sh;
			shellScript = "\"${SRCROOT}/Pods/Target Support Files/Pods-DSManage/Pods-DSManage-frameworks.sh\"\n";
			showEnvVarsInLog = 0;
		};
		7B9553C5787985A5E337E6E7 /* [CP] Embed Pods Frameworks */ = {
			isa = PBXShellScriptBuildPhase;
			buildActionMask = 2147483647;
			files = (
			);
			inputPaths = (
			);
			name = "[CP] Embed Pods Frameworks";
			outputPaths = (
			);
			runOnlyForDeploymentPostprocessing = 0;
			shellPath = /bin/sh;
			shellScript = "\"${SRCROOT}/Pods/Target Support Files/Pods-DSManageUITests/Pods-DSManageUITests-frameworks.sh\"\n";
			showEnvVarsInLog = 0;
		};
		BD10EA73C27F8E2DECB1DFF0 /* [CP] Check Pods Manifest.lock */ = {
			isa = PBXShellScriptBuildPhase;
			buildActionMask = 2147483647;
			files = (
			);
			inputPaths = (
			);
			name = "[CP] Check Pods Manifest.lock";
			outputPaths = (
			);
			runOnlyForDeploymentPostprocessing = 0;
			shellPath = /bin/sh;
			shellScript = "diff \"${PODS_ROOT}/../Podfile.lock\" \"${PODS_ROOT}/Manifest.lock\" > /dev/null\nif [ $? != 0 ] ; then\n    # print error to STDERR\n    echo \"error: The sandbox is not in sync with the Podfile.lock. Run 'pod install' or update your CocoaPods installation.\" >&2\n    exit 1\nfi\n";
			showEnvVarsInLog = 0;
		};
		C4794B0EC018FCAA2C4C9A52 /* [CP] Copy Pods Resources */ = {
			isa = PBXShellScriptBuildPhase;
			buildActionMask = 2147483647;
			files = (
			);
			inputPaths = (
			);
			name = "[CP] Copy Pods Resources";
			outputPaths = (
			);
			runOnlyForDeploymentPostprocessing = 0;
			shellPath = /bin/sh;
			shellScript = "\"${SRCROOT}/Pods/Target Support Files/Pods-DSManage/Pods-DSManage-resources.sh\"\n";
			showEnvVarsInLog = 0;
		};
		CD8B79247AB818529B5C7A4E /* [CP] Check Pods Manifest.lock */ = {
			isa = PBXShellScriptBuildPhase;
			buildActionMask = 2147483647;
			files = (
			);
			inputPaths = (
			);
			name = "[CP] Check Pods Manifest.lock";
			outputPaths = (
			);
			runOnlyForDeploymentPostprocessing = 0;
			shellPath = /bin/sh;
			shellScript = "diff \"${PODS_ROOT}/../Podfile.lock\" \"${PODS_ROOT}/Manifest.lock\" > /dev/null\nif [ $? != 0 ] ; then\n    # print error to STDERR\n    echo \"error: The sandbox is not in sync with the Podfile.lock. Run 'pod install' or update your CocoaPods installation.\" >&2\n    exit 1\nfi\n";
			showEnvVarsInLog = 0;
		};
		D6A3D58F2285F90E9BF7D306 /* [CP] Check Pods Manifest.lock */ = {
			isa = PBXShellScriptBuildPhase;
			buildActionMask = 2147483647;
			files = (
			);
			inputPaths = (
			);
			name = "[CP] Check Pods Manifest.lock";
			outputPaths = (
			);
			runOnlyForDeploymentPostprocessing = 0;
			shellPath = /bin/sh;
			shellScript = "diff \"${PODS_ROOT}/../Podfile.lock\" \"${PODS_ROOT}/Manifest.lock\" > /dev/null\nif [ $? != 0 ] ; then\n    # print error to STDERR\n    echo \"error: The sandbox is not in sync with the Podfile.lock. Run 'pod install' or update your CocoaPods installation.\" >&2\n    exit 1\nfi\n";
			showEnvVarsInLog = 0;
		};
		EE5A779B523659DBDFBC40A7 /* [CP] Embed Pods Frameworks */ = {
			isa = PBXShellScriptBuildPhase;
			buildActionMask = 2147483647;
			files = (
			);
			inputPaths = (
			);
			name = "[CP] Embed Pods Frameworks";
			outputPaths = (
			);
			runOnlyForDeploymentPostprocessing = 0;
			shellPath = /bin/sh;
			shellScript = "\"${SRCROOT}/Pods/Target Support Files/Pods-DSManageTests/Pods-DSManageTests-frameworks.sh\"\n";
			showEnvVarsInLog = 0;
		};
/* End PBXShellScriptBuildPhase section */

/* Begin PBXSourcesBuildPhase section */
		AFA35B291E180F9A00931A83 /* Sources */ = {
			isa = PBXSourcesBuildPhase;
			buildActionMask = 2147483647;
			files = (
				AF2FAE341E8DEF3200893782 /* LoginViewModel.swift in Sources */,
				AF2FADF81E8DEE7F00893782 /* ShoppingCartViewController.swift in Sources */,
				AFAC64FF1E23149C00E57C6D /* UITextField+Accessory.swift in Sources */,
				AF2FADF61E8DEE7F00893782 /* ShoppingCartProductTableViewCell.swift in Sources */,
				AF2FAE181E8DEE9F00893782 /* ClientTableViewCell.swift in Sources */,
				AFAD26C51E5BC8CD001C19E9 /* UIView+Shadow.swift in Sources */,
				AF2FAE171E8DEE9F00893782 /* ClientsTableViewController.swift in Sources */,
				AF2FAE3A1E8DF57B00893782 /* ForgotPasswordViewController.swift in Sources */,
				AFAD26BC1E5BC8A6001C19E9 /* CoreDataStack.swift in Sources */,
				AFA35B311E180F9A00931A83 /* AppDelegate.swift in Sources */,
				AFBC83261E51550E0094C075 /* Calculations.swift in Sources */,
				AFAC64FA1E23148F00E57C6D /* TextFieldValidator.swift in Sources */,
				AF2FAE041E8DEE9000893782 /* ProductCollectionViewController.swift in Sources */,
				AF2FAE091E8DEE9100893782 /* ProductViewModel.swift in Sources */,
				AF2FAE151E8DEE9F00893782 /* ClientDetailViewController.swift in Sources */,
				AF2FAE051E8DEE9000893782 /* ProductDetailViewController.swift in Sources */,
				AF2FADF71E8DEE7F00893782 /* ShoppingCartService.swift in Sources */,
				AF2FAE191E8DEE9F00893782 /* ClientViewModel.swift in Sources */,
				AF2FAE331E8DEF3200893782 /* LoginViewController.swift in Sources */,
				AF2FAE241E8DEEED00893782 /* SalesTableViewController.swift in Sources */,
				AF2FAE061E8DEE9000893782 /* ProductModel.swift in Sources */,
				AF2FAE161E8DEE9F00893782 /* ClientModel.swift in Sources */,
				AF2FAE251E8DEEED00893782 /* SaleTableViewCell.swift in Sources */,
				AF2FAE071E8DEE9000893782 /* ProductsCollectionViewModel.swift in Sources */,
				AF2FAE2B1E8DEF0000893782 /* ReportsViewController.swift in Sources */,
				AFAD26BD1E5BC8A6001C19E9 /* DSManage.xcdatamodeld in Sources */,
				AF2FAE131E8DEE9F00893782 /* Client+CoreDataClass.swift in Sources */,
				AF2FAE231E8DEEED00893782 /* SaleDetailViewController.swift in Sources */,
				AF2FAE261E8DEEED00893782 /* ShoppingCartTableViewCell.swift in Sources */,
				AF2FADF91E8DEE7F00893782 /* ShoppingCartViewModel.swift in Sources */,
				AFAC65001E23149C00E57C6D /* UIViewControllerExtensions.swift in Sources */,
				AF2FAE031E8DEE9000893782 /* ProductCollectionViewCell.swift in Sources */,
				AF2FAE2F1E8DEF0F00893782 /* Rep.swift in Sources */,
				AF2FAE141E8DEE9F00893782 /* Client+CoreDataProperties.swift in Sources */,
				AF6EF7311E2F0CE900A92A31 /* ProductCollectionViewController+DelegateFlowLayout.swift in Sources */,
				AFAC64FE1E23149C00E57C6D /* UIScrollView+KeyboardNotification.swift in Sources */,
				AF2FAE3B1E8DF57B00893782 /* ForgotPasswordViewModel.swift in Sources */,
				AF2FAE081E8DEE9000893782 /* ProductService.swift in Sources */,
			);
			runOnlyForDeploymentPostprocessing = 0;
		};
		AFA35B3D1E180F9B00931A83 /* Sources */ = {
			isa = PBXSourcesBuildPhase;
			buildActionMask = 2147483647;
			files = (
				AF76CE5B1E331A0200177F9B /* ProductViewModelTests.swift in Sources */,
				AFAC65161E23271200E57C6D /* TextFieldValidatorTests.swift in Sources */,
			);
			runOnlyForDeploymentPostprocessing = 0;
		};
		AFA35B481E180F9B00931A83 /* Sources */ = {
			isa = PBXSourcesBuildPhase;
			buildActionMask = 2147483647;
			files = (
				AFA35B511E180F9B00931A83 /* DSManageUITests.swift in Sources */,
			);
			runOnlyForDeploymentPostprocessing = 0;
		};
/* End PBXSourcesBuildPhase section */

/* Begin PBXTargetDependency section */
		AFA35B431E180F9B00931A83 /* PBXTargetDependency */ = {
			isa = PBXTargetDependency;
			target = AFA35B2C1E180F9A00931A83 /* DSManage */;
			targetProxy = AFA35B421E180F9B00931A83 /* PBXContainerItemProxy */;
		};
		AFA35B4E1E180F9B00931A83 /* PBXTargetDependency */ = {
			isa = PBXTargetDependency;
			target = AFA35B2C1E180F9A00931A83 /* DSManage */;
			targetProxy = AFA35B4D1E180F9B00931A83 /* PBXContainerItemProxy */;
		};
/* End PBXTargetDependency section */

/* Begin PBXVariantGroup section */
		AFA35B341E180F9A00931A83 /* Main.storyboard */ = {
			isa = PBXVariantGroup;
			children = (
				AFA35B351E180F9A00931A83 /* Base */,
			);
			name = Main.storyboard;
			sourceTree = "<group>";
		};
		AFA35B391E180F9A00931A83 /* LaunchScreen.storyboard */ = {
			isa = PBXVariantGroup;
			children = (
				AFA35B3A1E180F9A00931A83 /* Base */,
			);
			name = LaunchScreen.storyboard;
			sourceTree = "<group>";
		};
/* End PBXVariantGroup section */

/* Begin XCBuildConfiguration section */
		AFA35B531E180F9B00931A83 /* Debug */ = {
			isa = XCBuildConfiguration;
			buildSettings = {
				ALWAYS_SEARCH_USER_PATHS = NO;
				CLANG_ANALYZER_NONNULL = YES;
				CLANG_CXX_LANGUAGE_STANDARD = "gnu++0x";
				CLANG_CXX_LIBRARY = "libc++";
				CLANG_ENABLE_MODULES = YES;
				CLANG_ENABLE_OBJC_ARC = YES;
				CLANG_WARN_BOOL_CONVERSION = YES;
				CLANG_WARN_CONSTANT_CONVERSION = YES;
				CLANG_WARN_DIRECT_OBJC_ISA_USAGE = YES_ERROR;
				CLANG_WARN_DOCUMENTATION_COMMENTS = YES;
				CLANG_WARN_EMPTY_BODY = YES;
				CLANG_WARN_ENUM_CONVERSION = YES;
				CLANG_WARN_INFINITE_RECURSION = YES;
				CLANG_WARN_INT_CONVERSION = YES;
				CLANG_WARN_OBJC_ROOT_CLASS = YES_ERROR;
				CLANG_WARN_SUSPICIOUS_MOVE = YES;
				CLANG_WARN_UNREACHABLE_CODE = YES;
				CLANG_WARN__DUPLICATE_METHOD_MATCH = YES;
				"CODE_SIGN_IDENTITY[sdk=iphoneos*]" = "iPhone Developer";
				COPY_PHASE_STRIP = NO;
				DEBUG_INFORMATION_FORMAT = dwarf;
				ENABLE_STRICT_OBJC_MSGSEND = YES;
				ENABLE_TESTABILITY = YES;
				GCC_C_LANGUAGE_STANDARD = gnu99;
				GCC_DYNAMIC_NO_PIC = NO;
				GCC_NO_COMMON_BLOCKS = YES;
				GCC_OPTIMIZATION_LEVEL = 0;
				GCC_PREPROCESSOR_DEFINITIONS = (
					"DEBUG=1",
					"$(inherited)",
				);
				GCC_WARN_64_TO_32_BIT_CONVERSION = YES;
				GCC_WARN_ABOUT_RETURN_TYPE = YES_ERROR;
				GCC_WARN_UNDECLARED_SELECTOR = YES;
				GCC_WARN_UNINITIALIZED_AUTOS = YES_AGGRESSIVE;
				GCC_WARN_UNUSED_FUNCTION = YES;
				GCC_WARN_UNUSED_VARIABLE = YES;
				IPHONEOS_DEPLOYMENT_TARGET = 10.2;
				MTL_ENABLE_DEBUG_INFO = YES;
				ONLY_ACTIVE_ARCH = YES;
				SDKROOT = iphoneos;
				SWIFT_ACTIVE_COMPILATION_CONDITIONS = DEBUG;
				SWIFT_OPTIMIZATION_LEVEL = "-Onone";
				TARGETED_DEVICE_FAMILY = "1,2";
			};
			name = Debug;
		};
		AFA35B541E180F9B00931A83 /* Release */ = {
			isa = XCBuildConfiguration;
			buildSettings = {
				ALWAYS_SEARCH_USER_PATHS = NO;
				CLANG_ANALYZER_NONNULL = YES;
				CLANG_CXX_LANGUAGE_STANDARD = "gnu++0x";
				CLANG_CXX_LIBRARY = "libc++";
				CLANG_ENABLE_MODULES = YES;
				CLANG_ENABLE_OBJC_ARC = YES;
				CLANG_WARN_BOOL_CONVERSION = YES;
				CLANG_WARN_CONSTANT_CONVERSION = YES;
				CLANG_WARN_DIRECT_OBJC_ISA_USAGE = YES_ERROR;
				CLANG_WARN_DOCUMENTATION_COMMENTS = YES;
				CLANG_WARN_EMPTY_BODY = YES;
				CLANG_WARN_ENUM_CONVERSION = YES;
				CLANG_WARN_INFINITE_RECURSION = YES;
				CLANG_WARN_INT_CONVERSION = YES;
				CLANG_WARN_OBJC_ROOT_CLASS = YES_ERROR;
				CLANG_WARN_SUSPICIOUS_MOVE = YES;
				CLANG_WARN_UNREACHABLE_CODE = YES;
				CLANG_WARN__DUPLICATE_METHOD_MATCH = YES;
				"CODE_SIGN_IDENTITY[sdk=iphoneos*]" = "iPhone Developer";
				COPY_PHASE_STRIP = NO;
				DEBUG_INFORMATION_FORMAT = "dwarf-with-dsym";
				ENABLE_NS_ASSERTIONS = NO;
				ENABLE_STRICT_OBJC_MSGSEND = YES;
				GCC_C_LANGUAGE_STANDARD = gnu99;
				GCC_NO_COMMON_BLOCKS = YES;
				GCC_WARN_64_TO_32_BIT_CONVERSION = YES;
				GCC_WARN_ABOUT_RETURN_TYPE = YES_ERROR;
				GCC_WARN_UNDECLARED_SELECTOR = YES;
				GCC_WARN_UNINITIALIZED_AUTOS = YES_AGGRESSIVE;
				GCC_WARN_UNUSED_FUNCTION = YES;
				GCC_WARN_UNUSED_VARIABLE = YES;
				IPHONEOS_DEPLOYMENT_TARGET = 10.2;
				MTL_ENABLE_DEBUG_INFO = NO;
				SDKROOT = iphoneos;
				SWIFT_OPTIMIZATION_LEVEL = "-Owholemodule";
				TARGETED_DEVICE_FAMILY = "1,2";
				VALIDATE_PRODUCT = YES;
			};
			name = Release;
		};
		AFA35B561E180F9B00931A83 /* Debug */ = {
			isa = XCBuildConfiguration;
			baseConfigurationReference = 529987A62F7C5E2E9C72FAC9 /* Pods-DSManage.debug.xcconfig */;
			buildSettings = {
				ASSETCATALOG_COMPILER_APPICON_NAME = AppIcon;
				DEVELOPMENT_TEAM = MA49NRE9BA;
				INFOPLIST_FILE = DSManage/Info.plist;
				IPHONEOS_DEPLOYMENT_TARGET = 10.2;
				LD_RUNPATH_SEARCH_PATHS = "$(inherited) @executable_path/Frameworks";
				PRODUCT_BUNDLE_IDENTIFIER = com.example.DSManage;
				PRODUCT_NAME = "$(TARGET_NAME)";
				SWIFT_VERSION = 3.0;
			};
			name = Debug;
		};
		AFA35B571E180F9B00931A83 /* Release */ = {
			isa = XCBuildConfiguration;
			baseConfigurationReference = 35E3C7BE4AB33C814EBFF489 /* Pods-DSManage.release.xcconfig */;
			buildSettings = {
				ASSETCATALOG_COMPILER_APPICON_NAME = AppIcon;
				DEVELOPMENT_TEAM = MA49NRE9BA;
				INFOPLIST_FILE = DSManage/Info.plist;
				IPHONEOS_DEPLOYMENT_TARGET = 10.2;
				LD_RUNPATH_SEARCH_PATHS = "$(inherited) @executable_path/Frameworks";
				PRODUCT_BUNDLE_IDENTIFIER = com.example.DSManage;
				PRODUCT_NAME = "$(TARGET_NAME)";
				SWIFT_VERSION = 3.0;
			};
			name = Release;
		};
		AFA35B591E180F9B00931A83 /* Debug */ = {
			isa = XCBuildConfiguration;
			baseConfigurationReference = 11CF5275E565CFF790C3A0EA /* Pods-DSManageTests.debug.xcconfig */;
			buildSettings = {
				ALWAYS_EMBED_SWIFT_STANDARD_LIBRARIES = YES;
				BUNDLE_LOADER = "$(TEST_HOST)";
				CLANG_ENABLE_MODULES = YES;
				INFOPLIST_FILE = DSManageTests/Info.plist;
				LD_RUNPATH_SEARCH_PATHS = "$(inherited) @executable_path/Frameworks @loader_path/Frameworks";
				PRODUCT_BUNDLE_IDENTIFIER = com.example.DSManageTests;
				PRODUCT_NAME = "$(TARGET_NAME)";
				SWIFT_OPTIMIZATION_LEVEL = "-Onone";
				SWIFT_VERSION = 3.0;
				TEST_HOST = "$(BUILT_PRODUCTS_DIR)/DSManage.app/DSManage";
			};
			name = Debug;
		};
		AFA35B5A1E180F9B00931A83 /* Release */ = {
			isa = XCBuildConfiguration;
			baseConfigurationReference = 6C80719B27CE0CE9D52439CD /* Pods-DSManageTests.release.xcconfig */;
			buildSettings = {
				ALWAYS_EMBED_SWIFT_STANDARD_LIBRARIES = YES;
				BUNDLE_LOADER = "$(TEST_HOST)";
				CLANG_ENABLE_MODULES = YES;
				INFOPLIST_FILE = DSManageTests/Info.plist;
				LD_RUNPATH_SEARCH_PATHS = "$(inherited) @executable_path/Frameworks @loader_path/Frameworks";
				PRODUCT_BUNDLE_IDENTIFIER = com.example.DSManageTests;
				PRODUCT_NAME = "$(TARGET_NAME)";
				SWIFT_VERSION = 3.0;
				TEST_HOST = "$(BUILT_PRODUCTS_DIR)/DSManage.app/DSManage";
			};
			name = Release;
		};
		AFA35B5C1E180F9B00931A83 /* Debug */ = {
			isa = XCBuildConfiguration;
			baseConfigurationReference = B607F4E84A2B4C07FDF2EE3F /* Pods-DSManageUITests.debug.xcconfig */;
			buildSettings = {
				ALWAYS_EMBED_SWIFT_STANDARD_LIBRARIES = YES;
				INFOPLIST_FILE = DSManageUITests/Info.plist;
				LD_RUNPATH_SEARCH_PATHS = "$(inherited) @executable_path/Frameworks @loader_path/Frameworks";
				PRODUCT_BUNDLE_IDENTIFIER = com.example.DSManageUITests;
				PRODUCT_NAME = "$(TARGET_NAME)";
				SWIFT_VERSION = 3.0;
				TEST_TARGET_NAME = DSManage;
			};
			name = Debug;
		};
		AFA35B5D1E180F9B00931A83 /* Release */ = {
			isa = XCBuildConfiguration;
			baseConfigurationReference = 6A92B459F6ECC0A6AFE7E250 /* Pods-DSManageUITests.release.xcconfig */;
			buildSettings = {
				ALWAYS_EMBED_SWIFT_STANDARD_LIBRARIES = YES;
				INFOPLIST_FILE = DSManageUITests/Info.plist;
				LD_RUNPATH_SEARCH_PATHS = "$(inherited) @executable_path/Frameworks @loader_path/Frameworks";
				PRODUCT_BUNDLE_IDENTIFIER = com.example.DSManageUITests;
				PRODUCT_NAME = "$(TARGET_NAME)";
				SWIFT_VERSION = 3.0;
				TEST_TARGET_NAME = DSManage;
			};
			name = Release;
		};
/* End XCBuildConfiguration section */

/* Begin XCConfigurationList section */
		AFA35B281E180F9A00931A83 /* Build configuration list for PBXProject "DSManage" */ = {
			isa = XCConfigurationList;
			buildConfigurations = (
				AFA35B531E180F9B00931A83 /* Debug */,
				AFA35B541E180F9B00931A83 /* Release */,
			);
			defaultConfigurationIsVisible = 0;
			defaultConfigurationName = Release;
		};
		AFA35B551E180F9B00931A83 /* Build configuration list for PBXNativeTarget "DSManage" */ = {
			isa = XCConfigurationList;
			buildConfigurations = (
				AFA35B561E180F9B00931A83 /* Debug */,
				AFA35B571E180F9B00931A83 /* Release */,
			);
			defaultConfigurationIsVisible = 0;
			defaultConfigurationName = Release;
		};
		AFA35B581E180F9B00931A83 /* Build configuration list for PBXNativeTarget "DSManageTests" */ = {
			isa = XCConfigurationList;
			buildConfigurations = (
				AFA35B591E180F9B00931A83 /* Debug */,
				AFA35B5A1E180F9B00931A83 /* Release */,
			);
			defaultConfigurationIsVisible = 0;
			defaultConfigurationName = Release;
		};
		AFA35B5B1E180F9B00931A83 /* Build configuration list for PBXNativeTarget "DSManageUITests" */ = {
			isa = XCConfigurationList;
			buildConfigurations = (
				AFA35B5C1E180F9B00931A83 /* Debug */,
				AFA35B5D1E180F9B00931A83 /* Release */,
			);
			defaultConfigurationIsVisible = 0;
			defaultConfigurationName = Release;
		};
/* End XCConfigurationList section */

/* Begin XCVersionGroup section */
		AFAD26B81E5BC8A6001C19E9 /* DSManage.xcdatamodeld */ = {
			isa = XCVersionGroup;
			children = (
				AFAD26B91E5BC8A6001C19E9 /* DSManage.xcdatamodel */,
			);
			currentVersion = AFAD26B91E5BC8A6001C19E9 /* DSManage.xcdatamodel */;
			name = DSManage.xcdatamodeld;
			path = database/DSManage.xcdatamodeld;
			sourceTree = "<group>";
			versionGroupType = wrapper.xcdatamodel;
		};
/* End XCVersionGroup section */
	};
	rootObject = AFA35B251E180F9A00931A83 /* Project object */;
}
